PODS:
  - Kiwi (2.4.0)
  - WWHSlideController (0.1.0)

DEPENDENCIES:
  - Kiwi
  - WWHSlideController (from `../`)

EXTERNAL SOURCES:
  WWHSlideController:
    :path: ../

SPEC CHECKSUMS:
  Kiwi: f49c9d54b28917df5928fe44968a39ed198cb8a8
  WWHSlideController: 2a513df804ccf84c150223a0d9c71270233eb343

COCOAPODS: 0.39.0
